{
  "name": "gesoper-knowledge-base",
  "version": "1.0.0",
  "lockfileVersion": 3,
  "requires": true,
  "packages": {
    "": {
      "name": "gesoper-knowledge-base",
      "version": "1.0.0",
      "license": "MIT",
      "dependencies": {
        "socket": "^1.0.62"
      }
    },
    "node_modules/socket": {
      "version": "1.0.62",
      "resolved": "https://registry.npmjs.org/socket/-/socket-1.0.62.tgz",
      "integrity": "sha512-oSuDIVdSWGj4Eo0NG9XLbY1LasmGDsIhQoLehOJ4vqCzcQna/SZlJITYQqi6xAmrfb0m2q8z3CZvnbqOZ5KnGg==",
      "license": "MIT",
      "bin": {
        "socket": "bin/cli.js",
        "socket-npm": "bin/npm-cli.js",
        "socket-npx": "bin/npx-cli.js"
      },
      "engines": {
        "node": ">=18"
      }
    }
  }
}
